
Microsoft Visual Studio Solution File, Format Version 12.00
# Visual Studio Version 18
VisualStudioVersion = 18.4.11626.88
MinimumVisualStudioVersion = 10.0.40219.1
Project("{FAE04EC0-301F-11D3-BF4B-00C04F79EFBC}") = "Nexus_1._0", "Nexus_1._0.csproj", "{D34ACB75-1046-F3B9-28D0-A65E29B38033}"
EndProject
Project("{54435603-DBB4-11D2-8724-00A0C9A8B90C}") = "Nexus Installer", "..\Nexus Installer.vdproj", "{D77C4D1E-C61A-67A2-8AAA-121F9AAB956A}"
EndProject
Global
	GlobalSection(SolutionConfigurationPlatforms) = preSolution
		Debug|Any CPU = Debug|Any CPU
		Release|Any CPU = Release|Any CPU
	EndGlobalSection
	GlobalSection(ProjectConfigurationPlatforms) = postSolution
		{D34ACB75-1046-F3B9-28D0-A65E29B38033}.Debug|Any CPU.ActiveCfg = Debug|Any CPU
		{D34ACB75-1046-F3B9-28D0-A65E29B38033}.Debug|Any CPU.Build.0 = Debug|Any CPU
		{D34ACB75-1046-F3B9-28D0-A65E29B38033}.Release|Any CPU.ActiveCfg = Release|Any CPU
		{D34ACB75-1046-F3B9-28D0-A65E29B38033}.Release|Any CPU.Build.0 = Release|Any CPU
		{D77C4D1E-C61A-67A2-8AAA-121F9AAB956A}.Debug|Any CPU.ActiveCfg = Debug
		{D77C4D1E-C61A-67A2-8AAA-121F9AAB956A}.Release|Any CPU.ActiveCfg = Release
	EndGlobalSection
	GlobalSection(SolutionProperties) = preSolution
		HideSolutionNode = FALSE
	EndGlobalSection
	GlobalSection(ExtensibilityGlobals) = postSolution
		SolutionGuid = {E8EF558F-DDA6-4D93-B0BF-B924AC1F8C97}
	EndGlobalSection
EndGlobal
